
Microsoft Visual Studio Solution File, Format Version 12.00
# Visual Studio 15
VisualStudioVersion = 15.0.28010.2036
MinimumVisualStudioVersion = 10.0.40219.1
Project("{FAE04EC0-301F-11D3-BF4B-00C04F79EFBC}") = "Lab8B", "Lab8B\Lab8B.csproj", "{03EF91D4-A603-4037-A890-0DC73603C06C}"
EndProject
Global
	GlobalSection(SolutionConfigurationPlatforms) = preSolution
		Debug|Any CPU = Debug|Any CPU
		Release|Any CPU = Release|Any CPU
	EndGlobalSection
	GlobalSection(ProjectConfigurationPlatforms) = postSolution
		{03EF91D4-A603-4037-A890-0DC73603C06C}.Debug|Any CPU.ActiveCfg = Debug|Any CPU
		{03EF91D4-A603-4037-A890-0DC73603C06C}.Debug|Any CPU.Build.0 = Debug|Any CPU
		{03EF91D4-A603-4037-A890-0DC73603C06C}.Release|Any CPU.ActiveCfg = Release|Any CPU
		{03EF91D4-A603-4037-A890-0DC73603C06C}.Release|Any CPU.Build.0 = Release|Any CPU
	EndGlobalSection
	GlobalSection(SolutionProperties) = preSolution
		HideSolutionNode = FALSE
	EndGlobalSection
	GlobalSection(ExtensibilityGlobals) = postSolution
		SolutionGuid = {A5580844-A055-43C4-B335-7FD0405600DF}
	EndGlobalSection
EndGlobal
